
Microsoft Visual Studio Solution File, Format Version 12.00
# Visual Studio 15
VisualStudioVersion = 15.0.27428.2027
MinimumVisualStudioVersion = 10.0.40219.1
Project("{FAE04EC0-301F-11D3-BF4B-00C04F79EFBC}") = "Itcast.DAL", "Itcast.DAL\Itcast.DAL.csproj", "{D7385047-0E0C-471F-8744-D1A6C2A5BE6E}"
EndProject
Project("{FAE04EC0-301F-11D3-BF4B-00C04F79EFBC}") = "Itcast.BLL", "Itcast.BLL\Itcast.BLL.csproj", "{97B9A8A5-43A5-42EC-81AC-95112BB04AFE}"
EndProject
Project("{FAE04EC0-301F-11D3-BF4B-00C04F79EFBC}") = "Itcast.Model", "Itcast.Model\Itcast.Model.csproj", "{6ECCFED8-DFD6-4779-98F1-68069FF7CB5C}"
EndProject
Project("{FAE04EC0-301F-11D3-BF4B-00C04F79EFBC}") = "Itcast.Webapp", "Itcast.Webapp\Itcast.Webapp.csproj", "{1E0C79AE-68CC-4D2F-875E-8FFF39F20D72}"
EndProject
Project("{FAE04EC0-301F-11D3-BF4B-00C04F79EFBC}") = "Itcast.Common", "Itcast.Common\Itcast.Common.csproj", "{77D74ED8-BBAA-4F19-BA84-28F5978B5E39}"
EndProject
Project("{FAE04EC0-301F-11D3-BF4B-00C04F79EFBC}") = "Itcast.IDAL", "Itcast.IDAL\Itcast.IDAL.csproj", "{8277635A-CDF0-4912-BF8D-6DEE7E784BCD}"
EndProject
Project("{FAE04EC0-301F-11D3-BF4B-00C04F79EFBC}") = "Itcast.IBLL", "Itcast.IBLL\Itcast.IBLL.csproj", "{D0FDADA3-CC93-4E0B-AE3F-9016E681EA6E}"
EndProject
Project("{FAE04EC0-301F-11D3-BF4B-00C04F79EFBC}") = "Itcast.DALFactory", "Itcast.DALFactory\Itcast.DALFactory.csproj", "{C8E31E33-D0A1-47DC-A5DF-829FB3243F6B}"
EndProject
Global
	GlobalSection(SolutionConfigurationPlatforms) = preSolution
		Debug|Any CPU = Debug|Any CPU
		Debug|ARM = Debug|ARM
		Debug|x64 = Debug|x64
		Debug|x86 = Debug|x86
		Release|Any CPU = Release|Any CPU
		Release|ARM = Release|ARM
		Release|x64 = Release|x64
		Release|x86 = Release|x86
	EndGlobalSection
	GlobalSection(ProjectConfigurationPlatforms) = postSolution
		{D7385047-0E0C-471F-8744-D1A6C2A5BE6E}.Debug|Any CPU.ActiveCfg = Debug|Any CPU
		{D7385047-0E0C-471F-8744-D1A6C2A5BE6E}.Debug|Any CPU.Build.0 = Debug|Any CPU
		{D7385047-0E0C-471F-8744-D1A6C2A5BE6E}.Debug|ARM.ActiveCfg = Debug|Any CPU
		{D7385047-0E0C-471F-8744-D1A6C2A5BE6E}.Debug|ARM.Build.0 = Debug|Any CPU
		{D7385047-0E0C-471F-8744-D1A6C2A5BE6E}.Debug|x64.ActiveCfg = Debug|Any CPU
		{D7385047-0E0C-471F-8744-D1A6C2A5BE6E}.Debug|x64.Build.0 = Debug|Any CPU
		{D7385047-0E0C-471F-8744-D1A6C2A5BE6E}.Debug|x86.ActiveCfg = Debug|Any CPU
		{D7385047-0E0C-471F-8744-D1A6C2A5BE6E}.Debug|x86.Build.0 = Debug|Any CPU
		{D7385047-0E0C-471F-8744-D1A6C2A5BE6E}.Release|Any CPU.ActiveCfg = Release|Any CPU
		{D7385047-0E0C-471F-8744-D1A6C2A5BE6E}.Release|Any CPU.Build.0 = Release|Any CPU
		{D7385047-0E0C-471F-8744-D1A6C2A5BE6E}.Release|ARM.ActiveCfg = Release|Any CPU
		{D7385047-0E0C-471F-8744-D1A6C2A5BE6E}.Release|ARM.Build.0 = Release|Any CPU
		{D7385047-0E0C-471F-8744-D1A6C2A5BE6E}.Release|x64.ActiveCfg = Release|Any CPU
		{D7385047-0E0C-471F-8744-D1A6C2A5BE6E}.Release|x64.Build.0 = Release|Any CPU
		{D7385047-0E0C-471F-8744-D1A6C2A5BE6E}.Release|x86.ActiveCfg = Release|Any CPU
		{D7385047-0E0C-471F-8744-D1A6C2A5BE6E}.Release|x86.Build.0 = Release|Any CPU
		{97B9A8A5-43A5-42EC-81AC-95112BB04AFE}.Debug|Any CPU.ActiveCfg = Debug|Any CPU
		{97B9A8A5-43A5-42EC-81AC-95112BB04AFE}.Debug|Any CPU.Build.0 = Debug|Any CPU
		{97B9A8A5-43A5-42EC-81AC-95112BB04AFE}.Debug|ARM.ActiveCfg = Debug|Any CPU
		{97B9A8A5-43A5-42EC-81AC-95112BB04AFE}.Debug|ARM.Build.0 = Debug|Any CPU
		{97B9A8A5-43A5-42EC-81AC-95112BB04AFE}.Debug|x64.ActiveCfg = Debug|Any CPU
		{97B9A8A5-43A5-42EC-81AC-95112BB04AFE}.Debug|x64.Build.0 = Debug|Any CPU
		{97B9A8A5-43A5-42EC-81AC-95112BB04AFE}.Debug|x86.ActiveCfg = Debug|Any CPU
		{97B9A8A5-43A5-42EC-81AC-95112BB04AFE}.Debug|x86.Build.0 = Debug|Any CPU
		{97B9A8A5-43A5-42EC-81AC-95112BB04AFE}.Release|Any CPU.ActiveCfg = Release|Any CPU
		{97B9A8A5-43A5-42EC-81AC-95112BB04AFE}.Release|Any CPU.Build.0 = Release|Any CPU
		{97B9A8A5-43A5-42EC-81AC-95112BB04AFE}.Release|ARM.ActiveCfg = Release|Any CPU
		{97B9A8A5-43A5-42EC-81AC-95112BB04AFE}.Release|ARM.Build.0 = Release|Any CPU
		{97B9A8A5-43A5-42EC-81AC-95112BB04AFE}.Release|x64.ActiveCfg = Release|Any CPU
		{97B9A8A5-43A5-42EC-81AC-95112BB04AFE}.Release|x64.Build.0 = Release|Any CPU
		{97B9A8A5-43A5-42EC-81AC-95112BB04AFE}.Release|x86.ActiveCfg = Release|Any CPU
		{97B9A8A5-43A5-42EC-81AC-95112BB04AFE}.Release|x86.Build.0 = Release|Any CPU
		{6ECCFED8-DFD6-4779-98F1-68069FF7CB5C}.Debug|Any CPU.ActiveCfg = Debug|Any CPU
		{6ECCFED8-DFD6-4779-98F1-68069FF7CB5C}.Debug|Any CPU.Build.0 = Debug|Any CPU
		{6ECCFED8-DFD6-4779-98F1-68069FF7CB5C}.Debug|ARM.ActiveCfg = Debug|Any CPU
		{6ECCFED8-DFD6-4779-98F1-68069FF7CB5C}.Debug|ARM.Build.0 = Debug|Any CPU
		{6ECCFED8-DFD6-4779-98F1-68069FF7CB5C}.Debug|x64.ActiveCfg = Debug|Any CPU
		{6ECCFED8-DFD6-4779-98F1-68069FF7CB5C}.Debug|x64.Build.0 = Debug|Any CPU
		{6ECCFED8-DFD6-4779-98F1-68069FF7CB5C}.Debug|x86.ActiveCfg = Debug|Any CPU
		{6ECCFED8-DFD6-4779-98F1-68069FF7CB5C}.Debug|x86.Build.0 = Debug|Any CPU
		{6ECCFED8-DFD6-4779-98F1-68069FF7CB5C}.Release|Any CPU.ActiveCfg = Release|Any CPU
		{6ECCFED8-DFD6-4779-98F1-68069FF7CB5C}.Release|Any CPU.Build.0 = Release|Any CPU
		{6ECCFED8-DFD6-4779-98F1-68069FF7CB5C}.Release|ARM.ActiveCfg = Release|Any CPU
		{6ECCFED8-DFD6-4779-98F1-68069FF7CB5C}.Release|ARM.Build.0 = Release|Any CPU
		{6ECCFED8-DFD6-4779-98F1-68069FF7CB5C}.Release|x64.ActiveCfg = Release|Any CPU
		{6ECCFED8-DFD6-4779-98F1-68069FF7CB5C}.Release|x64.Build.0 = Release|Any CPU
		{6ECCFED8-DFD6-4779-98F1-68069FF7CB5C}.Release|x86.ActiveCfg = Release|Any CPU
		{6ECCFED8-DFD6-4779-98F1-68069FF7CB5C}.Release|x86.Build.0 = Release|Any CPU
		{1E0C79AE-68CC-4D2F-875E-8FFF39F20D72}.Debug|Any CPU.ActiveCfg = Debug|Any CPU
		{1E0C79AE-68CC-4D2F-875E-8FFF39F20D72}.Debug|Any CPU.Build.0 = Debug|Any CPU
		{1E0C79AE-68CC-4D2F-875E-8FFF39F20D72}.Debug|ARM.ActiveCfg = Debug|Any CPU
		{1E0C79AE-68CC-4D2F-875E-8FFF39F20D72}.Debug|ARM.Build.0 = Debug|Any CPU
		{1E0C79AE-68CC-4D2F-875E-8FFF39F20D72}.Debug|x64.ActiveCfg = Debug|Any CPU
		{1E0C79AE-68CC-4D2F-875E-8FFF39F20D72}.Debug|x64.Build.0 = Debug|Any CPU
		{1E0C79AE-68CC-4D2F-875E-8FFF39F20D72}.Debug|x86.ActiveCfg = Debug|Any CPU
		{1E0C79AE-68CC-4D2F-875E-8FFF39F20D72}.Debug|x86.Build.0 = Debug|Any CPU
		{1E0C79AE-68CC-4D2F-875E-8FFF39F20D72}.Release|Any CPU.ActiveCfg = Release|Any CPU
		{1E0C79AE-68CC-4D2F-875E-8FFF39F20D72}.Release|Any CPU.Build.0 = Release|Any CPU
		{1E0C79AE-68CC-4D2F-875E-8FFF39F20D72}.Release|ARM.ActiveCfg = Release|Any CPU
		{1E0C79AE-68CC-4D2F-875E-8FFF39F20D72}.Release|ARM.Build.0 = Release|Any CPU
		{1E0C79AE-68CC-4D2F-875E-8FFF39F20D72}.Release|x64.ActiveCfg = Release|Any CPU
		{1E0C79AE-68CC-4D2F-875E-8FFF39F20D72}.Release|x64.Build.0 = Release|Any CPU
		{1E0C79AE-68CC-4D2F-875E-8FFF39F20D72}.Release|x86.ActiveCfg = Release|Any CPU
		{1E0C79AE-68CC-4D2F-875E-8FFF39F20D72}.Release|x86.Build.0 = Release|Any CPU
		{77D74ED8-BBAA-4F19-BA84-28F5978B5E39}.Debug|Any CPU.ActiveCfg = Debug|Any CPU
		{77D74ED8-BBAA-4F19-BA84-28F5978B5E39}.Debug|Any CPU.Build.0 = Debug|Any CPU
		{77D74ED8-BBAA-4F19-BA84-28F5978B5E39}.Debug|ARM.ActiveCfg = Debug|Any CPU
		{77D74ED8-BBAA-4F19-BA84-28F5978B5E39}.Debug|ARM.Build.0 = Debug|Any CPU
		{77D74ED8-BBAA-4F19-BA84-28F5978B5E39}.Debug|x64.ActiveCfg = Debug|Any CPU
		{77D74ED8-BBAA-4F19-BA84-28F5978B5E39}.Debug|x64.Build.0 = Debug|Any CPU
		{77D74ED8-BBAA-4F19-BA84-28F5978B5E39}.Debug|x86.ActiveCfg = Debug|Any CPU
		{77D74ED8-BBAA-4F19-BA84-28F5978B5E39}.Debug|x86.Build.0 = Debug|Any CPU
		{77D74ED8-BBAA-4F19-BA84-28F5978B5E39}.Release|Any CPU.ActiveCfg = Release|Any CPU
		{77D74ED8-BBAA-4F19-BA84-28F5978B5E39}.Release|Any CPU.Build.0 = Release|Any CPU
		{77D74ED8-BBAA-4F19-BA84-28F5978B5E39}.Release|ARM.ActiveCfg = Release|Any CPU
		{77D74ED8-BBAA-4F19-BA84-28F5978B5E39}.Release|ARM.Build.0 = Release|Any CPU
		{77D74ED8-BBAA-4F19-BA84-28F5978B5E39}.Release|x64.ActiveCfg = Release|Any CPU
		{77D74ED8-BBAA-4F19-BA84-28F5978B5E39}.Release|x64.Build.0 = Release|Any CPU
		{77D74ED8-BBAA-4F19-BA84-28F5978B5E39}.Release|x86.ActiveCfg = Release|Any CPU
		{77D74ED8-BBAA-4F19-BA84-28F5978B5E39}.Release|x86.Build.0 = Release|Any CPU
		{8277635A-CDF0-4912-BF8D-6DEE7E784BCD}.Debug|Any CPU.ActiveCfg = Debug|Any CPU
		{8277635A-CDF0-4912-BF8D-6DEE7E784BCD}.Debug|Any CPU.Build.0 = Debug|Any CPU
		{8277635A-CDF0-4912-BF8D-6DEE7E784BCD}.Debug|ARM.ActiveCfg = Debug|Any CPU
		{8277635A-CDF0-4912-BF8D-6DEE7E784BCD}.Debug|ARM.Build.0 = Debug|Any CPU
		{8277635A-CDF0-4912-BF8D-6DEE7E784BCD}.Debug|x64.ActiveCfg = Debug|Any CPU
		{8277635A-CDF0-4912-BF8D-6DEE7E784BCD}.Debug|x64.Build.0 = Debug|Any CPU
		{8277635A-CDF0-4912-BF8D-6DEE7E784BCD}.Debug|x86.ActiveCfg = Debug|Any CPU
		{8277635A-CDF0-4912-BF8D-6DEE7E784BCD}.Debug|x86.Build.0 = Debug|Any CPU
		{8277635A-CDF0-4912-BF8D-6DEE7E784BCD}.Release|Any CPU.ActiveCfg = Release|Any CPU
		{8277635A-CDF0-4912-BF8D-6DEE7E784BCD}.Release|Any CPU.Build.0 = Release|Any CPU
		{8277635A-CDF0-4912-BF8D-6DEE7E784BCD}.Release|ARM.ActiveCfg = Release|Any CPU
		{8277635A-CDF0-4912-BF8D-6DEE7E784BCD}.Release|ARM.Build.0 = Release|Any CPU
		{8277635A-CDF0-4912-BF8D-6DEE7E784BCD}.Release|x64.ActiveCfg = Release|Any CPU
		{8277635A-CDF0-4912-BF8D-6DEE7E784BCD}.Release|x64.Build.0 = Release|Any CPU
		{8277635A-CDF0-4912-BF8D-6DEE7E784BCD}.Release|x86.ActiveCfg = Release|Any CPU
		{8277635A-CDF0-4912-BF8D-6DEE7E784BCD}.Release|x86.Build.0 = Release|Any CPU
		{D0FDADA3-CC93-4E0B-AE3F-9016E681EA6E}.Debug|Any CPU.ActiveCfg = Debug|Any CPU
		{D0FDADA3-CC93-4E0B-AE3F-9016E681EA6E}.Debug|Any CPU.Build.0 = Debug|Any CPU
		{D0FDADA3-CC93-4E0B-AE3F-9016E681EA6E}.Debug|ARM.ActiveCfg = Debug|Any CPU
		{D0FDADA3-CC93-4E0B-AE3F-9016E681EA6E}.Debug|ARM.Build.0 = Debug|Any CPU
		{D0FDADA3-CC93-4E0B-AE3F-9016E681EA6E}.Debug|x64.ActiveCfg = Debug|Any CPU
		{D0FDADA3-CC93-4E0B-AE3F-9016E681EA6E}.Debug|x64.Build.0 = Debug|Any CPU
		{D0FDADA3-CC93-4E0B-AE3F-9016E681EA6E}.Debug|x86.ActiveCfg = Debug|Any CPU
		{D0FDADA3-CC93-4E0B-AE3F-9016E681EA6E}.Debug|x86.Build.0 = Debug|Any CPU
		{D0FDADA3-CC93-4E0B-AE3F-9016E681EA6E}.Release|Any CPU.ActiveCfg = Release|Any CPU
		{D0FDADA3-CC93-4E0B-AE3F-9016E681EA6E}.Release|Any CPU.Build.0 = Release|Any CPU
		{D0FDADA3-CC93-4E0B-AE3F-9016E681EA6E}.Release|ARM.ActiveCfg = Release|Any CPU
		{D0FDADA3-CC93-4E0B-AE3F-9016E681EA6E}.Release|ARM.Build.0 = Release|Any CPU
		{D0FDADA3-CC93-4E0B-AE3F-9016E681EA6E}.Release|x64.ActiveCfg = Release|Any CPU
		{D0FDADA3-CC93-4E0B-AE3F-9016E681EA6E}.Release|x64.Build.0 = Release|Any CPU
		{D0FDADA3-CC93-4E0B-AE3F-9016E681EA6E}.Release|x86.ActiveCfg = Release|Any CPU
		{D0FDADA3-CC93-4E0B-AE3F-9016E681EA6E}.Release|x86.Build.0 = Release|Any CPU
		{C8E31E33-D0A1-47DC-A5DF-829FB3243F6B}.Debug|Any CPU.ActiveCfg = Debug|Any CPU
		{C8E31E33-D0A1-47DC-A5DF-829FB3243F6B}.Debug|Any CPU.Build.0 = Debug|Any CPU
		{C8E31E33-D0A1-47DC-A5DF-829FB3243F6B}.Debug|ARM.ActiveCfg = Debug|Any CPU
		{C8E31E33-D0A1-47DC-A5DF-829FB3243F6B}.Debug|ARM.Build.0 = Debug|Any CPU
		{C8E31E33-D0A1-47DC-A5DF-829FB3243F6B}.Debug|x64.ActiveCfg = Debug|Any CPU
		{C8E31E33-D0A1-47DC-A5DF-829FB3243F6B}.Debug|x64.Build.0 = Debug|Any CPU
		{C8E31E33-D0A1-47DC-A5DF-829FB3243F6B}.Debug|x86.ActiveCfg = Debug|Any CPU
		{C8E31E33-D0A1-47DC-A5DF-829FB3243F6B}.Debug|x86.Build.0 = Debug|Any CPU
		{C8E31E33-D0A1-47DC-A5DF-829FB3243F6B}.Release|Any CPU.ActiveCfg = Release|Any CPU
		{C8E31E33-D0A1-47DC-A5DF-829FB3243F6B}.Release|Any CPU.Build.0 = Release|Any CPU
		{C8E31E33-D0A1-47DC-A5DF-829FB3243F6B}.Release|ARM.ActiveCfg = Release|Any CPU
		{C8E31E33-D0A1-47DC-A5DF-829FB3243F6B}.Release|ARM.Build.0 = Release|Any CPU
		{C8E31E33-D0A1-47DC-A5DF-829FB3243F6B}.Release|x64.ActiveCfg = Release|Any CPU
		{C8E31E33-D0A1-47DC-A5DF-829FB3243F6B}.Release|x64.Build.0 = Release|Any CPU
		{C8E31E33-D0A1-47DC-A5DF-829FB3243F6B}.Release|x86.ActiveCfg = Release|Any CPU
		{C8E31E33-D0A1-47DC-A5DF-829FB3243F6B}.Release|x86.Build.0 = Release|Any CPU
	EndGlobalSection
	GlobalSection(SolutionProperties) = preSolution
		HideSolutionNode = FALSE
	EndGlobalSection
	GlobalSection(ExtensibilityGlobals) = postSolution
		SolutionGuid = {17E40EF4-4FE6-486A-9ACF-AF53737A9272}
	EndGlobalSection
EndGlobal
